// !$*UTF8*$!
{
	archiveVersion = 1;
	classes = {
	};
	objectVersion = 56;
	objects = {

/* Begin PBXBuildFile section */
		33C2C13B2CD87B100041A542 /* BrandSelectionView.swift in Sources */ = {isa = PBXBuildFile; fileRef = 33C2C13A2CD87AFC0041A542 /* BrandSelectionView.swift */; };
		33C2C13D2CD87C240041A542 /* ModelSelectionView.swift in Sources */ = {isa = PBXBuildFile; fileRef = 33C2C13C2CD87C220041A542 /* ModelSelectionView.swift */; };
		33C2C13F2CD87EB90041A542 /* CheckoutView.swift in Sources */ = {isa = PBXBuildFile; fileRef = 33C2C13E2CD87EB70041A542 /* CheckoutView.swift */; };
		33C2C1412CD87EE70041A542 /* CustomerInfoView.swift in Sources */ = {isa = PBXBuildFile; fileRef = 33C2C1402CD87EE50041A542 /* CustomerInfoView.swift */; };
		33C2C1432CD87F150041A542 /* PaymentOptionsView.swift in Sources */ = {isa = PBXBuildFile; fileRef = 33C2C1422CD87F060041A542 /* PaymentOptionsView.swift */; };
		33C2C1452CD87F670041A542 /* ConfirmationView.swift in Sources */ = {isa = PBXBuildFile; fileRef = 33C2C1442CD87F640041A542 /* ConfirmationView.swift */; };
		8E77898E2CF4FDB200D01139 /* LoginModel.xcdatamodeld in Sources */ = {isa = PBXBuildFile; fileRef = 8E77898C2CF4FDB200D01139 /* LoginModel.xcdatamodeld */; };
		8E7789902CF4FE0C00D01139 /* PersistenceController.swift in Sources */ = {isa = PBXBuildFile; fileRef = 8E77898F2CF4FE0C00D01139 /* PersistenceController.swift */; };
		8E7789922CF4FFDD00D01139 /* LoginView.swift in Sources */ = {isa = PBXBuildFile; fileRef = 8E7789912CF4FFDD00D01139 /* LoginView.swift */; };
		8E77899C2CF5109B00D01139 /* RegisterView.swift in Sources */ = {isa = PBXBuildFile; fileRef = 8E77899B2CF5109B00D01139 /* RegisterView.swift */; };
		8E77899F2CF5317000D01139 /* PhoneModel.xcdatamodeld in Sources */ = {isa = PBXBuildFile; fileRef = 8E77899D2CF5317000D01139 /* PhoneModel.xcdatamodeld */; };
		8E7789A12CF534E200D01139 /* PhonePersistenceController.swift in Sources */ = {isa = PBXBuildFile; fileRef = 8E7789A02CF534E200D01139 /* PhonePersistenceController.swift */; };
		8E7789A32CF53ED900D01139 /* EnvironmentKeys.swift in Sources */ = {isa = PBXBuildFile; fileRef = 8E7789A22CF53ED900D01139 /* EnvironmentKeys.swift */; };
		8E7789A52CF5598F00D01139 /* PreviewCoreDataProvider.swift in Sources */ = {isa = PBXBuildFile; fileRef = 8E7789A42CF5598F00D01139 /* PreviewCoreDataProvider.swift */; };
		8ED68C092CD43D4B00EAA447 /* MAPD714_002_TeamProject_Team10App.swift in Sources */ = {isa = PBXBuildFile; fileRef = 8ED68C082CD43D4B00EAA447 /* MAPD714_002_TeamProject_Team10App.swift */; };
		8ED68C0B2CD43D4B00EAA447 /* ContentView.swift in Sources */ = {isa = PBXBuildFile; fileRef = 8ED68C0A2CD43D4B00EAA447 /* ContentView.swift */; };
		8ED68C0D2CD43D4F00EAA447 /* Assets.xcassets in Resources */ = {isa = PBXBuildFile; fileRef = 8ED68C0C2CD43D4F00EAA447 /* Assets.xcassets */; };
		8ED68C102CD43D4F00EAA447 /* Preview Assets.xcassets in Resources */ = {isa = PBXBuildFile; fileRef = 8ED68C0F2CD43D4F00EAA447 /* Preview Assets.xcassets */; };
		8ED68C1A2CD43D5000EAA447 /* MAPD714_002_TeamProject_Team10Tests.swift in Sources */ = {isa = PBXBuildFile; fileRef = 8ED68C192CD43D5000EAA447 /* MAPD714_002_TeamProject_Team10Tests.swift */; };
		8ED68C242CD43D5000EAA447 /* MAPD714_002_TeamProject_Team10UITests.swift in Sources */ = {isa = PBXBuildFile; fileRef = 8ED68C232CD43D5000EAA447 /* MAPD714_002_TeamProject_Team10UITests.swift */; };
		8ED68C262CD43D5000EAA447 /* MAPD714_002_TeamProject_Team10UITestsLaunchTests.swift in Sources */ = {isa = PBXBuildFile; fileRef = 8ED68C252CD43D5000EAA447 /* MAPD714_002_TeamProject_Team10UITestsLaunchTests.swift */; };
/* End PBXBuildFile section */

/* Begin PBXContainerItemProxy section */
		8ED68C162CD43D5000EAA447 /* PBXContainerItemProxy */ = {
			isa = PBXContainerItemProxy;
			containerPortal = 8ED68BFD2CD43D4B00EAA447 /* Project object */;
			proxyType = 1;
			remoteGlobalIDString = 8ED68C042CD43D4B00EAA447;
			remoteInfo = "MAPD714-002_TeamProject_Team10";
		};
		8ED68C202CD43D5000EAA447 /* PBXContainerItemProxy */ = {
			isa = PBXContainerItemProxy;
			containerPortal = 8ED68BFD2CD43D4B00EAA447 /* Project object */;
			proxyType = 1;
			remoteGlobalIDString = 8ED68C042CD43D4B00EAA447;
			remoteInfo = "MAPD714-002_TeamProject_Team10";
		};
/* End PBXContainerItemProxy section */

/* Begin PBXFileReference section */
		33C2C13A2CD87AFC0041A542 /* BrandSelectionView.swift */ = {isa = PBXFileReference; lastKnownFileType = sourcecode.swift; path = BrandSelectionView.swift; sourceTree = "<group>"; };
		33C2C13C2CD87C220041A542 /* ModelSelectionView.swift */ = {isa = PBXFileReference; lastKnownFileType = sourcecode.swift; path = ModelSelectionView.swift; sourceTree = "<group>"; };
		33C2C13E2CD87EB70041A542 /* CheckoutView.swift */ = {isa = PBXFileReference; lastKnownFileType = sourcecode.swift; path = CheckoutView.swift; sourceTree = "<group>"; };
		33C2C1402CD87EE50041A542 /* CustomerInfoView.swift */ = {isa = PBXFileReference; lastKnownFileType = sourcecode.swift; path = CustomerInfoView.swift; sourceTree = "<group>"; };
		33C2C1422CD87F060041A542 /* PaymentOptionsView.swift */ = {isa = PBXFileReference; lastKnownFileType = sourcecode.swift; path = PaymentOptionsView.swift; sourceTree = "<group>"; };
		33C2C1442CD87F640041A542 /* ConfirmationView.swift */ = {isa = PBXFileReference; lastKnownFileType = sourcecode.swift; path = ConfirmationView.swift; sourceTree = "<group>"; };
		8E77898D2CF4FDB200D01139 /* LoginModel.xcdatamodel */ = {isa = PBXFileReference; lastKnownFileType = wrapper.xcdatamodel; path = LoginModel.xcdatamodel; sourceTree = "<group>"; };
		8E77898F2CF4FE0C00D01139 /* PersistenceController.swift */ = {isa = PBXFileReference; lastKnownFileType = sourcecode.swift; path = PersistenceController.swift; sourceTree = "<group>"; };
		8E7789912CF4FFDD00D01139 /* LoginView.swift */ = {isa = PBXFileReference; lastKnownFileType = sourcecode.swift; path = LoginView.swift; sourceTree = "<group>"; };
		8E77899B2CF5109B00D01139 /* RegisterView.swift */ = {isa = PBXFileReference; lastKnownFileType = sourcecode.swift; path = RegisterView.swift; sourceTree = "<group>"; };
		8E77899E2CF5317000D01139 /* PhoneModel.xcdatamodel */ = {isa = PBXFileReference; lastKnownFileType = wrapper.xcdatamodel; path = PhoneModel.xcdatamodel; sourceTree = "<group>"; };
		8E7789A02CF534E200D01139 /* PhonePersistenceController.swift */ = {isa = PBXFileReference; lastKnownFileType = sourcecode.swift; path = PhonePersistenceController.swift; sourceTree = "<group>"; };
		8E7789A22CF53ED900D01139 /* EnvironmentKeys.swift */ = {isa = PBXFileReference; lastKnownFileType = sourcecode.swift; path = EnvironmentKeys.swift; sourceTree = "<group>"; };
		8E7789A42CF5598F00D01139 /* PreviewCoreDataProvider.swift */ = {isa = PBXFileReference; lastKnownFileType = sourcecode.swift; path = PreviewCoreDataProvider.swift; sourceTree = "<group>"; };
		8ED68C052CD43D4B00EAA447 /* MAPD714-002_TeamProject_Team10.app */ = {isa = PBXFileReference; explicitFileType = wrapper.application; includeInIndex = 0; path = "MAPD714-002_TeamProject_Team10.app"; sourceTree = BUILT_PRODUCTS_DIR; };
		8ED68C082CD43D4B00EAA447 /* MAPD714_002_TeamProject_Team10App.swift */ = {isa = PBXFileReference; lastKnownFileType = sourcecode.swift; path = MAPD714_002_TeamProject_Team10App.swift; sourceTree = "<group>"; };
		8ED68C0A2CD43D4B00EAA447 /* ContentView.swift */ = {isa = PBXFileReference; lastKnownFileType = sourcecode.swift; path = ContentView.swift; sourceTree = "<group>"; };
		8ED68C0C2CD43D4F00EAA447 /* Assets.xcassets */ = {isa = PBXFileReference; lastKnownFileType = folder.assetcatalog; path = Assets.xcassets; sourceTree = "<group>"; };
		8ED68C0F2CD43D4F00EAA447 /* Preview Assets.xcassets */ = {isa = PBXFileReference; lastKnownFileType = folder.assetcatalog; path = "Preview Assets.xcassets"; sourceTree = "<group>"; };
		8ED68C152CD43D5000EAA447 /* MAPD714-002_TeamProject_Team10Tests.xctest */ = {isa = PBXFileReference; explicitFileType = wrapper.cfbundle; includeInIndex = 0; path = "MAPD714-002_TeamProject_Team10Tests.xctest"; sourceTree = BUILT_PRODUCTS_DIR; };
		8ED68C192CD43D5000EAA447 /* MAPD714_002_TeamProject_Team10Tests.swift */ = {isa = PBXFileReference; lastKnownFileType = sourcecode.swift; path = MAPD714_002_TeamProject_Team10Tests.swift; sourceTree = "<group>"; };
		8ED68C1F2CD43D5000EAA447 /* MAPD714-002_TeamProject_Team10UITests.xctest */ = {isa = PBXFileReference; explicitFileType = wrapper.cfbundle; includeInIndex = 0; path = "MAPD714-002_TeamProject_Team10UITests.xctest"; sourceTree = BUILT_PRODUCTS_DIR; };
		8ED68C232CD43D5000EAA447 /* MAPD714_002_TeamProject_Team10UITests.swift */ = {isa = PBXFileReference; lastKnownFileType = sourcecode.swift; path = MAPD714_002_TeamProject_Team10UITests.swift; sourceTree = "<group>"; };
		8ED68C252CD43D5000EAA447 /* MAPD714_002_TeamProject_Team10UITestsLaunchTests.swift */ = {isa = PBXFileReference; lastKnownFileType = sourcecode.swift; path = MAPD714_002_TeamProject_Team10UITestsLaunchTests.swift; sourceTree = "<group>"; };
/* End PBXFileReference section */

/* Begin PBXFrameworksBuildPhase section */
		8ED68C022CD43D4B00EAA447 /* Frameworks */ = {
			isa = PBXFrameworksBuildPhase;
			buildActionMask = 2147483647;
			files = (
			);
			runOnlyForDeploymentPostprocessing = 0;
		};
		8ED68C122CD43D5000EAA447 /* Frameworks */ = {
			isa = PBXFrameworksBuildPhase;
			buildActionMask = 2147483647;
			files = (
			);
			runOnlyForDeploymentPostprocessing = 0;
		};
		8ED68C1C2CD43D5000EAA447 /* Frameworks */ = {
			isa = PBXFrameworksBuildPhase;
			buildActionMask = 2147483647;
			files = (
			);
			runOnlyForDeploymentPostprocessing = 0;
		};
/* End PBXFrameworksBuildPhase section */

/* Begin PBXGroup section */
		8ED68BFC2CD43D4B00EAA447 = {
			isa = PBXGroup;
			children = (
				8ED68C072CD43D4B00EAA447 /* MAPD714-002_TeamProject_Team10 */,
				8ED68C182CD43D5000EAA447 /* MAPD714-002_TeamProject_Team10Tests */,
				8ED68C222CD43D5000EAA447 /* MAPD714-002_TeamProject_Team10UITests */,
				8ED68C062CD43D4B00EAA447 /* Products */,
			);
			sourceTree = "<group>";
		};
		8ED68C062CD43D4B00EAA447 /* Products */ = {
			isa = PBXGroup;
			children = (
				8ED68C052CD43D4B00EAA447 /* MAPD714-002_TeamProject_Team10.app */,
				8ED68C152CD43D5000EAA447 /* MAPD714-002_TeamProject_Team10Tests.xctest */,
				8ED68C1F2CD43D5000EAA447 /* MAPD714-002_TeamProject_Team10UITests.xctest */,
			);
			name = Products;
			sourceTree = "<group>";
		};
		8ED68C072CD43D4B00EAA447 /* MAPD714-002_TeamProject_Team10 */ = {
			isa = PBXGroup;
			children = (
				33C2C1442CD87F640041A542 /* ConfirmationView.swift */,
				33C2C1422CD87F060041A542 /* PaymentOptionsView.swift */,
				33C2C1402CD87EE50041A542 /* CustomerInfoView.swift */,
				33C2C13E2CD87EB70041A542 /* CheckoutView.swift */,
				33C2C13C2CD87C220041A542 /* ModelSelectionView.swift */,
				33C2C13A2CD87AFC0041A542 /* BrandSelectionView.swift */,
				8ED68C082CD43D4B00EAA447 /* MAPD714_002_TeamProject_Team10App.swift */,
				8ED68C0A2CD43D4B00EAA447 /* ContentView.swift */,
				8ED68C0C2CD43D4F00EAA447 /* Assets.xcassets */,
				8ED68C0E2CD43D4F00EAA447 /* Preview Content */,
				8E77898C2CF4FDB200D01139 /* LoginModel.xcdatamodeld */,
				8E77898F2CF4FE0C00D01139 /* PersistenceController.swift */,
				8E7789912CF4FFDD00D01139 /* LoginView.swift */,
				8E77899B2CF5109B00D01139 /* RegisterView.swift */,
				8E77899D2CF5317000D01139 /* PhoneModel.xcdatamodeld */,
				8E7789A02CF534E200D01139 /* PhonePersistenceController.swift */,
				8E7789A22CF53ED900D01139 /* EnvironmentKeys.swift */,
				8E7789A42CF5598F00D01139 /* PreviewCoreDataProvider.swift */,
			);
			path = "MAPD714-002_TeamProject_Team10";
			sourceTree = "<group>";
		};
		8ED68C0E2CD43D4F00EAA447 /* Preview Content */ = {
			isa = PBXGroup;
			children = (
				8ED68C0F2CD43D4F00EAA447 /* Preview Assets.xcassets */,
			);
			path = "Preview Content";
			sourceTree = "<group>";
		};
		8ED68C182CD43D5000EAA447 /* MAPD714-002_TeamProject_Team10Tests */ = {
			isa = PBXGroup;
			children = (
				8ED68C192CD43D5000EAA447 /* MAPD714_002_TeamProject_Team10Tests.swift */,
			);
			path = "MAPD714-002_TeamProject_Team10Tests";
			sourceTree = "<group>";
		};
		8ED68C222CD43D5000EAA447 /* MAPD714-002_TeamProject_Team10UITests */ = {
			isa = PBXGroup;
			children = (
				8ED68C232CD43D5000EAA447 /* MAPD714_002_TeamProject_Team10UITests.swift */,
				8ED68C252CD43D5000EAA447 /* MAPD714_002_TeamProject_Team10UITestsLaunchTests.swift */,
			);
			path = "MAPD714-002_TeamProject_Team10UITests";
			sourceTree = "<group>";
		};
/* End PBXGroup section */

/* Begin PBXNativeTarget section */
		8ED68C042CD43D4B00EAA447 /* MAPD714-002_TeamProject_Team10 */ = {
			isa = PBXNativeTarget;
			buildConfigurationList = 8ED68C292CD43D5000EAA447 /* Build configuration list for PBXNativeTarget "MAPD714-002_TeamProject_Team10" */;
			buildPhases = (
				8ED68C012CD43D4B00EAA447 /* Sources */,
				8ED68C022CD43D4B00EAA447 /* Frameworks */,
				8ED68C032CD43D4B00EAA447 /* Resources */,
			);
			buildRules = (
			);
			dependencies = (
			);
			name = "MAPD714-002_TeamProject_Team10";
			productName = "MAPD714-002_TeamProject_Team10";
			productReference = 8ED68C052CD43D4B00EAA447 /* MAPD714-002_TeamProject_Team10.app */;
			productType = "com.apple.product-type.application";
		};
		8ED68C142CD43D5000EAA447 /* MAPD714-002_TeamProject_Team10Tests */ = {
			isa = PBXNativeTarget;
			buildConfigurationList = 8ED68C2C2CD43D5000EAA447 /* Build configuration list for PBXNativeTarget "MAPD714-002_TeamProject_Team10Tests" */;
			buildPhases = (
				8ED68C112CD43D5000EAA447 /* Sources */,
				8ED68C122CD43D5000EAA447 /* Frameworks */,
				8ED68C132CD43D5000EAA447 /* Resources */,
			);
			buildRules = (
			);
			dependencies = (
				8ED68C172CD43D5000EAA447 /* PBXTargetDependency */,
			);
			name = "MAPD714-002_TeamProject_Team10Tests";
			productName = "MAPD714-002_TeamProject_Team10Tests";
			productReference = 8ED68C152CD43D5000EAA447 /* MAPD714-002_TeamProject_Team10Tests.xctest */;
			productType = "com.apple.product-type.bundle.unit-test";
		};
		8ED68C1E2CD43D5000EAA447 /* MAPD714-002_TeamProject_Team10UITests */ = {
			isa = PBXNativeTarget;
			buildConfigurationList = 8ED68C2F2CD43D5000EAA447 /* Build configuration list for PBXNativeTarget "MAPD714-002_TeamProject_Team10UITests" */;
			buildPhases = (
				8ED68C1B2CD43D5000EAA447 /* Sources */,
				8ED68C1C2CD43D5000EAA447 /* Frameworks */,
				8ED68C1D2CD43D5000EAA447 /* Resources */,
			);
			buildRules = (
			);
			dependencies = (
				8ED68C212CD43D5000EAA447 /* PBXTargetDependency */,
			);
			name = "MAPD714-002_TeamProject_Team10UITests";
			productName = "MAPD714-002_TeamProject_Team10UITests";
			productReference = 8ED68C1F2CD43D5000EAA447 /* MAPD714-002_TeamProject_Team10UITests.xctest */;
			productType = "com.apple.product-type.bundle.ui-testing";
		};
/* End PBXNativeTarget section */

/* Begin PBXProject section */
		8ED68BFD2CD43D4B00EAA447 /* Project object */ = {
			isa = PBXProject;
			attributes = {
				BuildIndependentTargetsInParallel = 1;
				LastSwiftUpdateCheck = 1540;
				LastUpgradeCheck = 1600;
				TargetAttributes = {
					8ED68C042CD43D4B00EAA447 = {
						CreatedOnToolsVersion = 15.4;
					};
					8ED68C142CD43D5000EAA447 = {
						CreatedOnToolsVersion = 15.4;
						TestTargetID = 8ED68C042CD43D4B00EAA447;
					};
					8ED68C1E2CD43D5000EAA447 = {
						CreatedOnToolsVersion = 15.4;
						TestTargetID = 8ED68C042CD43D4B00EAA447;
					};
				};
			};
			buildConfigurationList = 8ED68C002CD43D4B00EAA447 /* Build configuration list for PBXProject "MAPD714-002_TeamProject_Team10" */;
			compatibilityVersion = "Xcode 14.0";
			developmentRegion = en;
			hasScannedForEncodings = 0;
			knownRegions = (
				en,
				Base,
			);
			mainGroup = 8ED68BFC2CD43D4B00EAA447;
			productRefGroup = 8ED68C062CD43D4B00EAA447 /* Products */;
			projectDirPath = "";
			projectRoot = "";
			targets = (
				8ED68C042CD43D4B00EAA447 /* MAPD714-002_TeamProject_Team10 */,
				8ED68C142CD43D5000EAA447 /* MAPD714-002_TeamProject_Team10Tests */,
				8ED68C1E2CD43D5000EAA447 /* MAPD714-002_TeamProject_Team10UITests */,
			);
		};
/* End PBXProject section */

/* Begin PBXResourcesBuildPhase section */
		8ED68C032CD43D4B00EAA447 /* Resources */ = {
			isa = PBXResourcesBuildPhase;
			buildActionMask = 2147483647;
			files = (
				8ED68C102CD43D4F00EAA447 /* Preview Assets.xcassets in Resources */,
				8ED68C0D2CD43D4F00EAA447 /* Assets.xcassets in Resources */,
			);
			runOnlyForDeploymentPostprocessing = 0;
		};
		8ED68C132CD43D5000EAA447 /* Resources */ = {
			isa = PBXResourcesBuildPhase;
			buildActionMask = 2147483647;
			files = (
			);
			runOnlyForDeploymentPostprocessing = 0;
		};
		8ED68C1D2CD43D5000EAA447 /* Resources */ = {
			isa = PBXResourcesBuildPhase;
			buildActionMask = 2147483647;
			files = (
			);
			runOnlyForDeploymentPostprocessing = 0;
		};
/* End PBXResourcesBuildPhase section */

/* Begin PBXSourcesBuildPhase section */
		8ED68C012CD43D4B00EAA447 /* Sources */ = {
			isa = PBXSourcesBuildPhase;
			buildActionMask = 2147483647;
			files = (
				8E7789A32CF53ED900D01139 /* EnvironmentKeys.swift in Sources */,
				33C2C1412CD87EE70041A542 /* CustomerInfoView.swift in Sources */,
				8ED68C0B2CD43D4B00EAA447 /* ContentView.swift in Sources */,
				33C2C1432CD87F150041A542 /* PaymentOptionsView.swift in Sources */,
				33C2C13D2CD87C240041A542 /* ModelSelectionView.swift in Sources */,
				8E7789A12CF534E200D01139 /* PhonePersistenceController.swift in Sources */,
				33C2C13F2CD87EB90041A542 /* CheckoutView.swift in Sources */,
				8E77898E2CF4FDB200D01139 /* LoginModel.xcdatamodeld in Sources */,
				8E7789A52CF5598F00D01139 /* PreviewCoreDataProvider.swift in Sources */,
				33C2C1452CD87F670041A542 /* ConfirmationView.swift in Sources */,
				8E77899F2CF5317000D01139 /* PhoneModel.xcdatamodeld in Sources */,
				33C2C13B2CD87B100041A542 /* BrandSelectionView.swift in Sources */,
				8E7789922CF4FFDD00D01139 /* LoginView.swift in Sources */,
				8E77899C2CF5109B00D01139 /* RegisterView.swift in Sources */,
				8ED68C092CD43D4B00EAA447 /* MAPD714_002_TeamProject_Team10App.swift in Sources */,
				8E7789902CF4FE0C00D01139 /* PersistenceController.swift in Sources */,
			);
			runOnlyForDeploymentPostprocessing = 0;
		};
		8ED68C112CD43D5000EAA447 /* Sources */ = {
			isa = PBXSourcesBuildPhase;
			buildActionMask = 2147483647;
			files = (
				8ED68C1A2CD43D5000EAA447 /* MAPD714_002_TeamProject_Team10Tests.swift in Sources */,
			);
			runOnlyForDeploymentPostprocessing = 0;
		};
		8ED68C1B2CD43D5000EAA447 /* Sources */ = {
			isa = PBXSourcesBuildPhase;
			buildActionMask = 2147483647;
			files = (
				8ED68C242CD43D5000EAA447 /* MAPD714_002_TeamProject_Team10UITests.swift in Sources */,
				8ED68C262CD43D5000EAA447 /* MAPD714_002_TeamProject_Team10UITestsLaunchTests.swift in Sources */,
			);
			runOnlyForDeploymentPostprocessing = 0;
		};
/* End PBXSourcesBuildPhase section */

/* Begin PBXTargetDependency section */
		8ED68C172CD43D5000EAA447 /* PBXTargetDependency */ = {
			isa = PBXTargetDependency;
			target = 8ED68C042CD43D4B00EAA447 /* MAPD714-002_TeamProject_Team10 */;
			targetProxy = 8ED68C162CD43D5000EAA447 /* PBXContainerItemProxy */;
		};
		8ED68C212CD43D5000EAA447 /* PBXTargetDependency */ = {
			isa = PBXTargetDependency;
			target = 8ED68C042CD43D4B00EAA447 /* MAPD714-002_TeamProject_Team10 */;
			targetProxy = 8ED68C202CD43D5000EAA447 /* PBXContainerItemProxy */;
		};
/* End PBXTargetDependency section */

/* Begin XCBuildConfiguration section */
		8ED68C272CD43D5000EAA447 /* Debug */ = {
			isa = XCBuildConfiguration;
			buildSettings = {
				ALWAYS_SEARCH_USER_PATHS = NO;
				ASSETCATALOG_COMPILER_GENERATE_SWIFT_ASSET_SYMBOL_EXTENSIONS = YES;
				CLANG_ANALYZER_NONNULL = YES;
				CLANG_ANALYZER_NUMBER_OBJECT_CONVERSION = YES_AGGRESSIVE;
				CLANG_CXX_LANGUAGE_STANDARD = "gnu++20";
				CLANG_ENABLE_MODULES = YES;
				CLANG_ENABLE_OBJC_ARC = YES;
				CLANG_ENABLE_OBJC_WEAK = YES;
				CLANG_WARN_BLOCK_CAPTURE_AUTORELEASING = YES;
				CLANG_WARN_BOOL_CONVERSION = YES;
				CLANG_WARN_COMMA = YES;
				CLANG_WARN_CONSTANT_CONVERSION = YES;
				CLANG_WARN_DEPRECATED_OBJC_IMPLEMENTATIONS = YES;
				CLANG_WARN_DIRECT_OBJC_ISA_USAGE = YES_ERROR;
				CLANG_WARN_DOCUMENTATION_COMMENTS = YES;
				CLANG_WARN_EMPTY_BODY = YES;
				CLANG_WARN_ENUM_CONVERSION = YES;
				CLANG_WARN_INFINITE_RECURSION = YES;
				CLANG_WARN_INT_CONVERSION = YES;
				CLANG_WARN_NON_LITERAL_NULL_CONVERSION = YES;
				CLANG_WARN_OBJC_IMPLICIT_RETAIN_SELF = YES;
				CLANG_WARN_OBJC_LITERAL_CONVERSION = YES;
				CLANG_WARN_OBJC_ROOT_CLASS = YES_ERROR;
				CLANG_WARN_QUOTED_INCLUDE_IN_FRAMEWORK_HEADER = YES;
				CLANG_WARN_RANGE_LOOP_ANALYSIS = YES;
				CLANG_WARN_STRICT_PROTOTYPES = YES;
				CLANG_WARN_SUSPICIOUS_MOVE = YES;
				CLANG_WARN_UNGUARDED_AVAILABILITY = YES_AGGRESSIVE;
				CLANG_WARN_UNREACHABLE_CODE = YES;
				CLANG_WARN__DUPLICATE_METHOD_MATCH = YES;
				COPY_PHASE_STRIP = NO;
				DEBUG_INFORMATION_FORMAT = dwarf;
				ENABLE_STRICT_OBJC_MSGSEND = YES;
				ENABLE_TESTABILITY = YES;
				ENABLE_USER_SCRIPT_SANDBOXING = YES;
				GCC_C_LANGUAGE_STANDARD = gnu17;
				GCC_DYNAMIC_NO_PIC = NO;
				GCC_NO_COMMON_BLOCKS = YES;
				GCC_OPTIMIZATION_LEVEL = 0;
				GCC_PREPROCESSOR_DEFINITIONS = (
					"DEBUG=1",
					"$(inherited)",
				);
				GCC_WARN_64_TO_32_BIT_CONVERSION = YES;
				GCC_WARN_ABOUT_RETURN_TYPE = YES_ERROR;
				GCC_WARN_UNDECLARED_SELECTOR = YES;
				GCC_WARN_UNINITIALIZED_AUTOS = YES_AGGRESSIVE;
				GCC_WARN_UNUSED_FUNCTION = YES;
				GCC_WARN_UNUSED_VARIABLE = YES;
				IPHONEOS_DEPLOYMENT_TARGET = 17.5;
				LOCALIZATION_PREFERS_STRING_CATALOGS = YES;
				MTL_ENABLE_DEBUG_INFO = INCLUDE_SOURCE;
				MTL_FAST_MATH = YES;
				ONLY_ACTIVE_ARCH = YES;
				SDKROOT = iphoneos;
				SWIFT_ACTIVE_COMPILATION_CONDITIONS = "DEBUG $(inherited)";
				SWIFT_OPTIMIZATION_LEVEL = "-Onone";
			};
			name = Debug;
		};
		8ED68C282CD43D5000EAA447 /* Release */ = {
			isa = XCBuildConfiguration;
			buildSettings = {
				ALWAYS_SEARCH_USER_PATHS = NO;
				ASSETCATALOG_COMPILER_GENERATE_SWIFT_ASSET_SYMBOL_EXTENSIONS = YES;
				CLANG_ANALYZER_NONNULL = YES;
				CLANG_ANALYZER_NUMBER_OBJECT_CONVERSION = YES_AGGRESSIVE;
				CLANG_CXX_LANGUAGE_STANDARD = "gnu++20";
				CLANG_ENABLE_MODULES = YES;
				CLANG_ENABLE_OBJC_ARC = YES;
				CLANG_ENABLE_OBJC_WEAK = YES;
				CLANG_WARN_BLOCK_CAPTURE_AUTORELEASING = YES;
				CLANG_WARN_BOOL_CONVERSION = YES;
				CLANG_WARN_COMMA = YES;
				CLANG_WARN_CONSTANT_CONVERSION = YES;
				CLANG_WARN_DEPRECATED_OBJC_IMPLEMENTATIONS = YES;
				CLANG_WARN_DIRECT_OBJC_ISA_USAGE = YES_ERROR;
				CLANG_WARN_DOCUMENTATION_COMMENTS = YES;
				CLANG_WARN_EMPTY_BODY = YES;
				CLANG_WARN_ENUM_CONVERSION = YES;
				CLANG_WARN_INFINITE_RECURSION = YES;
				CLANG_WARN_INT_CONVERSION = YES;
				CLANG_WARN_NON_LITERAL_NULL_CONVERSION = YES;
				CLANG_WARN_OBJC_IMPLICIT_RETAIN_SELF = YES;
				CLANG_WARN_OBJC_LITERAL_CONVERSION = YES;
				CLANG_WARN_OBJC_ROOT_CLASS = YES_ERROR;
				CLANG_WARN_QUOTED_INCLUDE_IN_FRAMEWORK_HEADER = YES;
				CLANG_WARN_RANGE_LOOP_ANALYSIS = YES;
				CLANG_WARN_STRICT_PROTOTYPES = YES;
				CLANG_WARN_SUSPICIOUS_MOVE = YES;
				CLANG_WARN_UNGUARDED_AVAILABILITY = YES_AGGRESSIVE;
				CLANG_WARN_UNREACHABLE_CODE = YES;
				CLANG_WARN__DUPLICATE_METHOD_MATCH = YES;
				COPY_PHASE_STRIP = NO;
				DEBUG_INFORMATION_FORMAT = "dwarf-with-dsym";
				ENABLE_NS_ASSERTIONS = NO;
				ENABLE_STRICT_OBJC_MSGSEND = YES;
				ENABLE_USER_SCRIPT_SANDBOXING = YES;
				GCC_C_LANGUAGE_STANDARD = gnu17;
				GCC_NO_COMMON_BLOCKS = YES;
				GCC_WARN_64_TO_32_BIT_CONVERSION = YES;
				GCC_WARN_ABOUT_RETURN_TYPE = YES_ERROR;
				GCC_WARN_UNDECLARED_SELECTOR = YES;
				GCC_WARN_UNINITIALIZED_AUTOS = YES_AGGRESSIVE;
				GCC_WARN_UNUSED_FUNCTION = YES;
				GCC_WARN_UNUSED_VARIABLE = YES;
				IPHONEOS_DEPLOYMENT_TARGET = 17.5;
				LOCALIZATION_PREFERS_STRING_CATALOGS = YES;
				MTL_ENABLE_DEBUG_INFO = NO;
				MTL_FAST_MATH = YES;
				SDKROOT = iphoneos;
				SWIFT_COMPILATION_MODE = wholemodule;
				VALIDATE_PRODUCT = YES;
			};
			name = Release;
		};
		8ED68C2A2CD43D5000EAA447 /* Debug */ = {
			isa = XCBuildConfiguration;
			buildSettings = {
				ASSETCATALOG_COMPILER_APPICON_NAME = AppIcon;
				ASSETCATALOG_COMPILER_GLOBAL_ACCENT_COLOR_NAME = AccentColor;
				CODE_SIGN_STYLE = Automatic;
				CURRENT_PROJECT_VERSION = 1;
				DEVELOPMENT_ASSET_PATHS = "\"MAPD714-002_TeamProject_Team10/Preview Content\"";
				ENABLE_PREVIEWS = YES;
				GENERATE_INFOPLIST_FILE = YES;
				INFOPLIST_KEY_UIApplicationSceneManifest_Generation = YES;
				INFOPLIST_KEY_UIApplicationSupportsIndirectInputEvents = YES;
				INFOPLIST_KEY_UILaunchScreen_Generation = YES;
				INFOPLIST_KEY_UISupportedInterfaceOrientations_iPad = "UIInterfaceOrientationPortrait UIInterfaceOrientationPortraitUpsideDown UIInterfaceOrientationLandscapeLeft UIInterfaceOrientationLandscapeRight";
				INFOPLIST_KEY_UISupportedInterfaceOrientations_iPhone = "UIInterfaceOrientationPortrait UIInterfaceOrientationLandscapeLeft UIInterfaceOrientationLandscapeRight";
				LD_RUNPATH_SEARCH_PATHS = (
					"$(inherited)",
					"@executable_path/Frameworks",
				);
				MARKETING_VERSION = 1.0;
				PRODUCT_BUNDLE_IDENTIFIER = "com.kashish.MAPD714-002-TeamProject-Team10";
				PRODUCT_NAME = "$(TARGET_NAME)";
				SWIFT_EMIT_LOC_STRINGS = YES;
				SWIFT_VERSION = 5.0;
				TARGETED_DEVICE_FAMILY = "1,2";
			};
			name = Debug;
		};
		8ED68C2B2CD43D5000EAA447 /* Release */ = {
			isa = XCBuildConfiguration;
			buildSettings = {
				ASSETCATALOG_COMPILER_APPICON_NAME = AppIcon;
				ASSETCATALOG_COMPILER_GLOBAL_ACCENT_COLOR_NAME = AccentColor;
				CODE_SIGN_STYLE = Automatic;
				CURRENT_PROJECT_VERSION = 1;
				DEVELOPMENT_ASSET_PATHS = "\"MAPD714-002_TeamProject_Team10/Preview Content\"";
				ENABLE_PREVIEWS = YES;
				GENERATE_INFOPLIST_FILE = YES;
				INFOPLIST_KEY_UIApplicationSceneManifest_Generation = YES;
				INFOPLIST_KEY_UIApplicationSupportsIndirectInputEvents = YES;
				INFOPLIST_KEY_UILaunchScreen_Generation = YES;
				INFOPLIST_KEY_UISupportedInterfaceOrientations_iPad = "UIInterfaceOrientationPortrait UIInterfaceOrientationPortraitUpsideDown UIInterfaceOrientationLandscapeLeft UIInterfaceOrientationLandscapeRight";
				INFOPLIST_KEY_UISupportedInterfaceOrientations_iPhone = "UIInterfaceOrientationPortrait UIInterfaceOrientationLandscapeLeft UIInterfaceOrientationLandscapeRight";
				LD_RUNPATH_SEARCH_PATHS = (
					"$(inherited)",
					"@executable_path/Frameworks",
				);
				MARKETING_VERSION = 1.0;
				PRODUCT_BUNDLE_IDENTIFIER = "com.kashish.MAPD714-002-TeamProject-Team10";
				PRODUCT_NAME = "$(TARGET_NAME)";
				SWIFT_EMIT_LOC_STRINGS = YES;
				SWIFT_VERSION = 5.0;
				TARGETED_DEVICE_FAMILY = "1,2";
			};
			name = Release;
		};
		8ED68C2D2CD43D5000EAA447 /* Debug */ = {
			isa = XCBuildConfiguration;
			buildSettings = {
				BUNDLE_LOADER = "$(TEST_HOST)";
				CODE_SIGN_STYLE = Automatic;
				CURRENT_PROJECT_VERSION = 1;
				GENERATE_INFOPLIST_FILE = YES;
				IPHONEOS_DEPLOYMENT_TARGET = 17.5;
				MARKETING_VERSION = 1.0;
				PRODUCT_BUNDLE_IDENTIFIER = "com.kashish.MAPD714-002-TeamProject-Team10Tests";
				PRODUCT_NAME = "$(TARGET_NAME)";
				SWIFT_EMIT_LOC_STRINGS = NO;
				SWIFT_VERSION = 5.0;
				TARGETED_DEVICE_FAMILY = "1,2";
				TEST_HOST = "$(BUILT_PRODUCTS_DIR)/MAPD714-002_TeamProject_Team10.app/$(BUNDLE_EXECUTABLE_FOLDER_PATH)/MAPD714-002_TeamProject_Team10";
			};
			name = Debug;
		};
		8ED68C2E2CD43D5000EAA447 /* Release */ = {
			isa = XCBuildConfiguration;
			buildSettings = {
				BUNDLE_LOADER = "$(TEST_HOST)";
				CODE_SIGN_STYLE = Automatic;
				CURRENT_PROJECT_VERSION = 1;
				GENERATE_INFOPLIST_FILE = YES;
				IPHONEOS_DEPLOYMENT_TARGET = 17.5;
				MARKETING_VERSION = 1.0;
				PRODUCT_BUNDLE_IDENTIFIER = "com.kashish.MAPD714-002-TeamProject-Team10Tests";
				PRODUCT_NAME = "$(TARGET_NAME)";
				SWIFT_EMIT_LOC_STRINGS = NO;
				SWIFT_VERSION = 5.0;
				TARGETED_DEVICE_FAMILY = "1,2";
				TEST_HOST = "$(BUILT_PRODUCTS_DIR)/MAPD714-002_TeamProject_Team10.app/$(BUNDLE_EXECUTABLE_FOLDER_PATH)/MAPD714-002_TeamProject_Team10";
			};
			name = Release;
		};
		8ED68C302CD43D5000EAA447 /* Debug */ = {
			isa = XCBuildConfiguration;
			buildSettings = {
				CODE_SIGN_STYLE = Automatic;
				CURRENT_PROJECT_VERSION = 1;
				GENERATE_INFOPLIST_FILE = YES;
				MARKETING_VERSION = 1.0;
				PRODUCT_BUNDLE_IDENTIFIER = "com.kashish.MAPD714-002-TeamProject-Team10UITests";
				PRODUCT_NAME = "$(TARGET_NAME)";
				SWIFT_EMIT_LOC_STRINGS = NO;
				SWIFT_VERSION = 5.0;
				TARGETED_DEVICE_FAMILY = "1,2";
				TEST_TARGET_NAME = "MAPD714-002_TeamProject_Team10";
			};
			name = Debug;
		};
		8ED68C312CD43D5000EAA447 /* Release */ = {
			isa = XCBuildConfiguration;
			buildSettings = {
				CODE_SIGN_STYLE = Automatic;
				CURRENT_PROJECT_VERSION = 1;
				GENERATE_INFOPLIST_FILE = YES;
				MARKETING_VERSION = 1.0;
				PRODUCT_BUNDLE_IDENTIFIER = "com.kashish.MAPD714-002-TeamProject-Team10UITests";
				PRODUCT_NAME = "$(TARGET_NAME)";
				SWIFT_EMIT_LOC_STRINGS = NO;
				SWIFT_VERSION = 5.0;
				TARGETED_DEVICE_FAMILY = "1,2";
				TEST_TARGET_NAME = "MAPD714-002_TeamProject_Team10";
			};
			name = Release;
		};
/* End XCBuildConfiguration section */

/* Begin XCConfigurationList section */
		8ED68C002CD43D4B00EAA447 /* Build configuration list for PBXProject "MAPD714-002_TeamProject_Team10" */ = {
			isa = XCConfigurationList;
			buildConfigurations = (
				8ED68C272CD43D5000EAA447 /* Debug */,
				8ED68C282CD43D5000EAA447 /* Release */,
			);
			defaultConfigurationIsVisible = 0;
			defaultConfigurationName = Release;
		};
		8ED68C292CD43D5000EAA447 /* Build configuration list for PBXNativeTarget "MAPD714-002_TeamProject_Team10" */ = {
			isa = XCConfigurationList;
			buildConfigurations = (
				8ED68C2A2CD43D5000EAA447 /* Debug */,
				8ED68C2B2CD43D5000EAA447 /* Release */,
			);
			defaultConfigurationIsVisible = 0;
			defaultConfigurationName = Release;
		};
		8ED68C2C2CD43D5000EAA447 /* Build configuration list for PBXNativeTarget "MAPD714-002_TeamProject_Team10Tests" */ = {
			isa = XCConfigurationList;
			buildConfigurations = (
				8ED68C2D2CD43D5000EAA447 /* Debug */,
				8ED68C2E2CD43D5000EAA447 /* Release */,
			);
			defaultConfigurationIsVisible = 0;
			defaultConfigurationName = Release;
		};
		8ED68C2F2CD43D5000EAA447 /* Build configuration list for PBXNativeTarget "MAPD714-002_TeamProject_Team10UITests" */ = {
			isa = XCConfigurationList;
			buildConfigurations = (
				8ED68C302CD43D5000EAA447 /* Debug */,
				8ED68C312CD43D5000EAA447 /* Release */,
			);
			defaultConfigurationIsVisible = 0;
			defaultConfigurationName = Release;
		};
/* End XCConfigurationList section */

/* Begin XCVersionGroup section */
		8E77898C2CF4FDB200D01139 /* LoginModel.xcdatamodeld */ = {
			isa = XCVersionGroup;
			children = (
				8E77898D2CF4FDB200D01139 /* LoginModel.xcdatamodel */,
			);
			currentVersion = 8E77898D2CF4FDB200D01139 /* LoginModel.xcdatamodel */;
			path = LoginModel.xcdatamodeld;
			sourceTree = "<group>";
			versionGroupType = wrapper.xcdatamodel;
		};
		8E77899D2CF5317000D01139 /* PhoneModel.xcdatamodeld */ = {
			isa = XCVersionGroup;
			children = (
				8E77899E2CF5317000D01139 /* PhoneModel.xcdatamodel */,
			);
			currentVersion = 8E77899E2CF5317000D01139 /* PhoneModel.xcdatamodel */;
			path = PhoneModel.xcdatamodeld;
			sourceTree = "<group>";
			versionGroupType = wrapper.xcdatamodel;
		};
/* End XCVersionGroup section */
	};
	rootObject = 8ED68BFD2CD43D4B00EAA447 /* Project object */;
}
